
Microsoft Visual Studio Solution File, Format Version 12.00
# Visual Studio Version 17
VisualStudioVersion = 17.5.002.0
MinimumVisualStudioVersion = 10.0.40219.1
Project("{9A19103F-16F7-4668-BE54-9A1E7A4F7556}") = "RestaurantBookingApi", "RestaurantBookingApi.csproj", "{FAB96FED-702E-4ADF-9FD9-701183B12304}"
EndProject
Project("{9A19103F-16F7-4668-BE54-9A1E7A4F7556}") = "RestaurantBookingApi.Tests", "RestaurantBookingApi.Tests\RestaurantBookingApi.Tests.csproj", "{A3897260-3EC7-484B-BBB2-04B1762D9761}"
EndProject
Global
	GlobalSection(SolutionConfigurationPlatforms) = preSolution
		Debug|Any CPU = Debug|Any CPU
		Release|Any CPU = Release|Any CPU
	EndGlobalSection
	GlobalSection(ProjectConfigurationPlatforms) = postSolution
		{FAB96FED-702E-4ADF-9FD9-701183B12304}.Debug|Any CPU.ActiveCfg = Debug|Any CPU
		{FAB96FED-702E-4ADF-9FD9-701183B12304}.Debug|Any CPU.Build.0 = Debug|Any CPU
		{FAB96FED-702E-4ADF-9FD9-701183B12304}.Release|Any CPU.ActiveCfg = Release|Any CPU
		{FAB96FED-702E-4ADF-9FD9-701183B12304}.Release|Any CPU.Build.0 = Release|Any CPU
		{A3897260-3EC7-484B-BBB2-04B1762D9761}.Debug|Any CPU.ActiveCfg = Debug|Any CPU
		{A3897260-3EC7-484B-BBB2-04B1762D9761}.Debug|Any CPU.Build.0 = Debug|Any CPU
		{A3897260-3EC7-484B-BBB2-04B1762D9761}.Release|Any CPU.ActiveCfg = Release|Any CPU
		{A3897260-3EC7-484B-BBB2-04B1762D9761}.Release|Any CPU.Build.0 = Release|Any CPU
	EndGlobalSection
	GlobalSection(SolutionProperties) = preSolution
		HideSolutionNode = FALSE
	EndGlobalSection
	GlobalSection(ExtensibilityGlobals) = postSolution
		SolutionGuid = {520ACA69-D268-45FB-BDB9-19D35DEFDEF0}
	EndGlobalSection
EndGlobal
